Microsoft Visual Studio Solution File, Format Version 12.00
# Visual Studio Version 17
VisualStudioVersion = 17.5.2.0
MinimumVisualStudioVersion = 10.0.40219.1
Project("{FAE04EC0-301F-11D3-BF4B-00C04F79EFBC}") = "BugTracker.Web", "BugTracker.Web.csproj", "{06D8AEB2-7E36-1AD6-63DA-EA681FDA9284}"
EndProject
Global
	GlobalSection(SolutionConfigurationPlatforms) = preSolution
		Debug|Any CPU = Debug|Any CPU
		Release|Any CPU = Release|Any CPU
	EndGlobalSection
	GlobalSection(ProjectConfigurationPlatforms) = postSolution
		{06D8AEB2-7E36-1AD6-63DA-EA681FDA9284}.Debug|Any CPU.ActiveCfg = Debug|Any CPU
		{06D8AEB2-7E36-1AD6-63DA-EA681FDA9284}.Debug|Any CPU.Build.0 = Debug|Any CPU
		{06D8AEB2-7E36-1AD6-63DA-EA681FDA9284}.Release|Any CPU.ActiveCfg = Release|Any CPU
		{06D8AEB2-7E36-1AD6-63DA-EA681FDA9284}.Release|Any CPU.Build.0 = Release|Any CPU
	EndGlobalSection
	GlobalSection(SolutionProperties) = preSolution
		HideSolutionNode = FALSE
	EndGlobalSection
	GlobalSection(ExtensibilityGlobals) = postSolution
		SolutionGuid = {91E8F666-F677-4D3A-AD83-6E99EC7919FF}
	EndGlobalSection
EndGlobal
